<?xml version="1.0" encoding="utf-8"?>
<Project ToolsVersion="4.0" xmlns="http://schemas.microsoft.com/developer/msbuild/2003">
  <ItemGroup>
    <Filter Include="Source Files">
      <UniqueIdentifier>{4FC737F1-C7A5-4376-A066-2A32D752A2FF}</UniqueIdentifier>
      <Extensions>cpp;c;cc;cxx;c++;cppm;ixx;def;odl;idl;hpj;bat;asm;asmx</Extensions>
    </Filter>
    <Filter Include="Header Files">
      <UniqueIdentifier>{93995380-89BD-4b04-88EB-625FBE52EBFB}</UniqueIdentifier>
      <Extensions>h;hh;hpp;hxx;h++;hm;inl;inc;ipp;xsd</Extensions>
    </Filter>
    <Filter Include="Resource Files">
      <UniqueIdentifier>{67DA6AB6-F800-4c08-8B7A-83BB121AAD01}</UniqueIdentifier>
      <Extensions>rc;ico;cur;bmp;dlg;rc2;rct;bin;rgs;gif;jpg;jpeg;jpe;resx;tiff;tif;png;wav;mfcribbon-ms</Extensions>
    </Filter>
    <Filter Include="Header Files\BaseComponents">
      <UniqueIdentifier>{ddf66381-3f0d-4e4d-9e94-53c18963c49b}</UniqueIdentifier>
    </Filter>
    <Filter Include="Source Files\BaseComponents">
      <UniqueIdentifier>{edd70691-a432-49c2-964c-adfb7183c8a8}</UniqueIdentifier>
    </Filter>
    <Filter Include="Core">
      <UniqueIdentifier>{a10aeb09-4711-43d8-b8cf-d7d4ab314671}</UniqueIdentifier>
    </Filter>
    <Filter Include="Header Files\BaseComponents\VulkanComponents">
      <UniqueIdentifier>{bb9cdbda-d1d9-423d-b6e9-7886066dc2a6}</UniqueIdentifier>
    </Filter>
    <Filter Include="Header Files\Entities">
      <UniqueIdentifier>{e4fd3638-8f58-49bd-b09a-a5d7348c32a2}</UniqueIdentifier>
    </Filter>
    <Filter Include="Source Files\Entities">
      <UniqueIdentifier>{926f370d-cf92-422e-b626-54d2d8d3f5db}</UniqueIdentifier>
    </Filter>
    <Filter Include="Source Files\BaseComponents\VulkanComponents">
      <UniqueIdentifier>{7b7df3e8-7146-43ed-80e2-861d02edcd94}</UniqueIdentifier>
    </Filter>
  </ItemGroup>
  <ItemGroup>
    <None Include="cpp.hint" />
  </ItemGroup>
  <ItemGroup>
    <ClInclude Include="Engine.h">
      <Filter>Header Files</Filter>
    </ClInclude>
    <ClInclude Include="IRender.h">
      <Filter>Header Files</Filter>
    </ClInclude>
    <ClInclude Include="DeferredRender.h">
      <Filter>Header Files</Filter>
    </ClInclude>
    <ClInclude Include="ForwardRender.h">
      <Filter>Header Files</Filter>
    </ClInclude>
    <ClInclude Include="util.h">
      <Filter>Header Files</Filter>
    </ClInclude>
    <ClInclude Include="VulkanInitializer.h">
      <Filter>Header Files</Filter>
    </ClInclude>
    <ClInclude Include="glm_printer.h">
      <Filter>Header Files</Filter>
    </ClInclude>
    <ClInclude Include="ComponentInitializer.h">
      <Filter>Header Files</Filter>
    </ClInclude>
    <ClInclude Include="IMenuRenderer.h">
      <Filter>Header Files</Filter>
    </ClInclude>
    <ClInclude Include="..\..\Game\Archiver.h">
      <Filter>Header Files</Filter>
    </ClInclude>
    <ClInclude Include="Core\Base.h">
      <Filter>Core</Filter>
    </ClInclude>
    <ClInclude Include="BaseComponents\VulkanComponents\VulkanCameraComponent.h">
      <Filter>Header Files\BaseComponents\VulkanComponents</Filter>
    </ClInclude>
    <ClInclude Include="BaseComponents\VulkanComponents\VulkanDirectionalLightComponent.h">
      <Filter>Header Files\BaseComponents\VulkanComponents</Filter>
    </ClInclude>
    <ClInclude Include="BaseComponents\VulkanComponents\VulkanMeshComponent.h">
      <Filter>Header Files\BaseComponents\VulkanComponents</Filter>
    </ClInclude>
    <ClInclude Include="BaseComponents\VulkanComponents\VulkanPointLightComponent.h">
      <Filter>Header Files\BaseComponents\VulkanComponents</Filter>
    </ClInclude>
    <ClInclude Include="BaseComponents\VulkanComponents\VulkanTransformComponent.h">
      <Filter>Header Files\BaseComponents\VulkanComponents</Filter>
    </ClInclude>
    <ClInclude Include="BaseComponents\VulkanComponents\ImportableVulkanMeshComponents.h">
      <Filter>Header Files\BaseComponents\VulkanComponents</Filter>
    </ClInclude>
    <ClInclude Include="BaseComponents\MeshComponent.h">
      <Filter>Header Files\BaseComponents</Filter>
    </ClInclude>
    <ClInclude Include="BaseComponents\PointLightComponent.h">
      <Filter>Header Files\BaseComponents</Filter>
    </ClInclude>
    <ClInclude Include="BaseComponents\PossessedComponent.h">
      <Filter>Header Files\BaseComponents</Filter>
    </ClInclude>
    <ClInclude Include="BaseComponents\Relation.h">
      <Filter>Header Files\BaseComponents</Filter>
    </ClInclude>
    <ClInclude Include="BaseComponents\TagComponent.h">
      <Filter>Header Files\BaseComponents</Filter>
    </ClInclude>
    <ClInclude Include="BaseComponents\TransformComponent.h">
      <Filter>Header Files\BaseComponents</Filter>
    </ClInclude>
    <ClInclude Include="BaseComponents\UnlitMaterial.h">
      <Filter>Header Files\BaseComponents</Filter>
    </ClInclude>
    <ClInclude Include="BaseComponents\BoundingComponent.h">
      <Filter>Header Files\BaseComponents</Filter>
    </ClInclude>
    <ClInclude Include="BaseComponents\CameraComponent.h">
      <Filter>Header Files\BaseComponents</Filter>
    </ClInclude>
    <ClInclude Include="BaseComponents\DebugComponent.h">
      <Filter>Header Files\BaseComponents</Filter>
    </ClInclude>
    <ClInclude Include="BaseComponents\DirectionalLightComponent.h">
      <Filter>Header Files\BaseComponents</Filter>
    </ClInclude>
    <ClInclude Include="BaseComponents\LitMaterial.h">
      <Filter>Header Files\BaseComponents</Filter>
    </ClInclude>
    <ClInclude Include="Entities\PlaneEntity.h">
      <Filter>Header Files\Entities</Filter>
    </ClInclude>
    <ClInclude Include="Entities\PrimitiveEntity.h">
      <Filter>Header Files\Entities</Filter>
    </ClInclude>
    <ClInclude Include="Entities\DirectionalLightEntity.h">
      <Filter>Header Files\Entities</Filter>
    </ClInclude>
    <ClInclude Include="Entities\ImportableEntity.h">
      <Filter>Header Files\Entities</Filter>
    </ClInclude>
    <ClInclude Include="Entities\CubeEntity.h">
      <Filter>Header Files\Entities</Filter>
    </ClInclude>
    <ClInclude Include="Entities\DebugCube.h">
      <Filter>Header Files\Entities</Filter>
    </ClInclude>
  </ItemGroup>
  <ItemGroup>
    <ClCompile Include="Engine.cpp">
      <Filter>Source Files</Filter>
    </ClCompile>
    <ClCompile Include="DeferredRender.cpp">
      <Filter>Source Files</Filter>
    </ClCompile>
    <ClCompile Include="ForwardRender.cpp">
      <Filter>Source Files</Filter>
    </ClCompile>
    <ClCompile Include="util.cpp">
      <Filter>Source Files</Filter>
    </ClCompile>
    <ClCompile Include="VulkanInitializer.cpp">
      <Filter>Source Files</Filter>
    </ClCompile>
    <ClCompile Include="ComponentInitializer.cpp">
      <Filter>Source Files</Filter>
    </ClCompile>
    <ClCompile Include="BaseComponents\BoundingComponent.cpp">
      <Filter>Source Files\BaseComponents</Filter>
    </ClCompile>
    <ClCompile Include="BaseComponents\CameraComponent.cpp">
      <Filter>Source Files\BaseComponents</Filter>
    </ClCompile>
    <ClCompile Include="BaseComponents\TransformComponent.cpp">
      <Filter>Source Files\BaseComponents</Filter>
    </ClCompile>
    <ClCompile Include="BaseComponents\UnlitMaterial.cpp">
      <Filter>Source Files\BaseComponents</Filter>
    </ClCompile>
    <ClCompile Include="BaseComponents\VulkanComponents\ImportableVulkanMeshComponents.cpp">
      <Filter>Source Files\BaseComponents\VulkanComponents</Filter>
    </ClCompile>
    <ClCompile Include="Entities\PlaneEntity.cpp">
      <Filter>Source Files\Entities</Filter>
    </ClCompile>
    <ClCompile Include="Entities\PrimitiveEntity.cpp">
      <Filter>Source Files\Entities</Filter>
    </ClCompile>
    <ClCompile Include="Entities\CubeEntity.cpp">
      <Filter>Source Files\Entities</Filter>
    </ClCompile>
    <ClCompile Include="Entities\DirectionalLightEntity.cpp">
      <Filter>Source Files\Entities</Filter>
    </ClCompile>
    <ClCompile Include="Entities\ImportableEntity.cpp">
      <Filter>Source Files\Entities</Filter>
    </ClCompile>
    <ClCompile Include="Entities\DebugCube.cpp">
      <Filter>Source Files\Entities</Filter>
    </ClCompile>
  </ItemGroup>
</Project>