<?xml version="1.0" encoding="utf-8"?>
<Project ToolsVersion="4.0" xmlns="http://schemas.microsoft.com/developer/msbuild/2003">
  <ItemGroup>
    <Filter Include="Исходные файлы">
      <UniqueIdentifier>{4FC737F1-C7A5-4376-A066-2A32D752A2FF}</UniqueIdentifier>
      <Extensions>cpp;c;cc;cxx;c++;cppm;ixx;def;odl;idl;hpj;bat;asm;asmx</Extensions>
    </Filter>
    <Filter Include="Файлы заголовков">
      <UniqueIdentifier>{93995380-89BD-4b04-88EB-625FBE52EBFB}</UniqueIdentifier>
      <Extensions>h;hh;hpp;hxx;h++;hm;inl;inc;ipp;xsd</Extensions>
    </Filter>
    <Filter Include="Файлы ресурсов">
      <UniqueIdentifier>{67DA6AB6-F800-4c08-8B7A-83BB121AAD01}</UniqueIdentifier>
      <Extensions>rc;ico;cur;bmp;dlg;rc2;rct;bin;rgs;gif;jpg;jpeg;jpe;resx;tiff;tif;png;wav;mfcribbon-ms</Extensions>
    </Filter>
    <Filter Include="imgui">
      <UniqueIdentifier>{bea548f5-9fad-4750-bf89-ae500b330a7a}</UniqueIdentifier>
    </Filter>
    <Filter Include="Файлы заголовков\Widgets">
      <UniqueIdentifier>{1d5f4def-fce2-469d-9a4f-f438866a3aa4}</UniqueIdentifier>
    </Filter>
    <Filter Include="Исходные файлы\Widgets">
      <UniqueIdentifier>{9f036f6c-e7e4-448a-9052-56ea7f11388a}</UniqueIdentifier>
    </Filter>
    <Filter Include="Файлы заголовков\Layouts">
      <UniqueIdentifier>{7f72ea4c-0640-4ff1-a838-ad561cba691f}</UniqueIdentifier>
    </Filter>
    <Filter Include="Исходные файлы\Layouts">
      <UniqueIdentifier>{63544a6a-2c4d-4ed1-9f45-70c1d76722fd}</UniqueIdentifier>
    </Filter>
    <Filter Include="Файлы заголовков\Windows">
      <UniqueIdentifier>{420081a1-07d5-47ba-bdc7-7d0d2931cd8d}</UniqueIdentifier>
    </Filter>
    <Filter Include="Файлы заголовков\Utils">
      <UniqueIdentifier>{8078d505-d029-4844-854f-48934b54ae52}</UniqueIdentifier>
    </Filter>
    <Filter Include="Исходные файлы\Windows">
      <UniqueIdentifier>{466823b1-35d8-4b10-bd66-3d0ff87e8eac}</UniqueIdentifier>
    </Filter>
    <Filter Include="Исходные файлы\Utils">
      <UniqueIdentifier>{b1bb989e-1ee9-4857-9110-e402bd35bbd3}</UniqueIdentifier>
    </Filter>
    <Filter Include="Исходные файлы\Widgets\Inspector">
      <UniqueIdentifier>{6016a9b7-2f1e-4b2b-8c0e-d06a10eb2284}</UniqueIdentifier>
    </Filter>
    <Filter Include="Файлы заголовков\Widgets\Inspector">
      <UniqueIdentifier>{e586688e-35a0-4ea5-9d64-f53f9e49a6b7}</UniqueIdentifier>
    </Filter>
    <Filter Include="Файлы заголовков\Utils\Interaction">
      <UniqueIdentifier>{5b02de17-4ee8-48e7-a36d-90558c559791}</UniqueIdentifier>
    </Filter>
    <Filter Include="Исходные файлы\Utils\Interaction">
      <UniqueIdentifier>{5a2959f1-cd7a-4444-9957-427a31a7babc}</UniqueIdentifier>
    </Filter>
    <Filter Include="imguizmo">
      <UniqueIdentifier>{0c8d741e-5545-4238-9f49-cc02254833bb}</UniqueIdentifier>
    </Filter>
  </ItemGroup>
  <ItemGroup>
    <ClCompile Include="Source.cpp">
      <Filter>Исходные файлы</Filter>
    </ClCompile>
    <ClCompile Include="vendor\imgui\imgui.cpp">
      <Filter>imgui</Filter>
    </ClCompile>
    <ClCompile Include="vendor\imgui\imgui_demo.cpp">
      <Filter>imgui</Filter>
    </ClCompile>
    <ClCompile Include="vendor\imgui\imgui_draw.cpp">
      <Filter>imgui</Filter>
    </ClCompile>
    <ClCompile Include="vendor\imgui\imgui_tables.cpp">
      <Filter>imgui</Filter>
    </ClCompile>
    <ClCompile Include="vendor\imgui\imgui_widgets.cpp">
      <Filter>imgui</Filter>
    </ClCompile>
    <ClCompile Include="vendor\imgui\backends\imgui_impl_glfw.cpp">
      <Filter>imgui</Filter>
    </ClCompile>
    <ClCompile Include="vendor\imgui\backends\imgui_impl_vulkan.cpp">
      <Filter>imgui</Filter>
    </ClCompile>
    <ClCompile Include="vendor\imgui\widgets\TextEditor.cpp">
      <Filter>imgui</Filter>
    </ClCompile>
    <ClCompile Include="BaseWidget.cpp">
      <Filter>Исходные файлы\Widgets</Filter>
    </ClCompile>
    <ClCompile Include="ContentBrowser.cpp">
      <Filter>Исходные файлы\Widgets</Filter>
    </ClCompile>
    <ClCompile Include="LuaConsole.cpp">
      <Filter>Исходные файлы\Widgets</Filter>
    </ClCompile>
    <ClCompile Include="SceneHierarchy.cpp">
      <Filter>Исходные файлы\Widgets</Filter>
    </ClCompile>
    <ClCompile Include="MainLayout.cpp">
      <Filter>Исходные файлы\Layouts</Filter>
    </ClCompile>
    <ClCompile Include="MainWindow.cpp">
      <Filter>Исходные файлы\Windows</Filter>
    </ClCompile>
    <ClCompile Include="EditorWindow.cpp">
      <Filter>Исходные файлы\Windows</Filter>
    </ClCompile>
    <ClCompile Include="EditorLayout.cpp">
      <Filter>Исходные файлы\Layouts</Filter>
    </ClCompile>
    <ClCompile Include="FontUtils.cpp">
      <Filter>Исходные файлы\Utils</Filter>
    </ClCompile>
    <ClCompile Include="ImGUIBasedPresentationEngine.cpp">
      <Filter>Исходные файлы\Utils</Filter>
    </ClCompile>
    <ClCompile Include="GameWidget.cpp">
      <Filter>Исходные файлы\Widgets</Filter>
    </ClCompile>
    <ClCompile Include="Inspector.cpp">
      <Filter>Исходные файлы\Widgets</Filter>
    </ClCompile>
    <ClCompile Include="TagComponentInspector.cpp">
      <Filter>Исходные файлы\Widgets\Inspector</Filter>
    </ClCompile>
    <ClCompile Include="BaseComponentInspector.cpp">
      <Filter>Исходные файлы\Widgets\Inspector</Filter>
    </ClCompile>
    <ClCompile Include="TransformComponentInspector.cpp">
      <Filter>Исходные файлы\Widgets\Inspector</Filter>
    </ClCompile>
    <ClCompile Include="vendor\imgui\widgets\GroupPanel.cpp">
      <Filter>imgui</Filter>
    </ClCompile>
    <ClCompile Include="vendor\imgui\widgets\ColoredDragFloat.cpp">
      <Filter>imgui</Filter>
    </ClCompile>
    <ClCompile Include="EditorViewport.cpp">
      <Filter>Исходные файлы\Widgets</Filter>
    </ClCompile>
    <ClCompile Include="vendor\ImGuiFileDialog\ImGuiFileDialog.cpp">
      <Filter>imgui</Filter>
    </ClCompile>
    <ClCompile Include="SceneInteraction.cpp">
      <Filter>Исходные файлы\Utils\Interaction</Filter>
    </ClCompile>
    <ClCompile Include="ViewportSnapInteraction.cpp">
      <Filter>Исходные файлы\Utils\Interaction</Filter>
    </ClCompile>
    <ClCompile Include="vendor\ImGuizmo\GraphEditor.cpp">
      <Filter>imguizmo</Filter>
    </ClCompile>
    <ClCompile Include="vendor\ImGuizmo\ImCurveEdit.cpp">
      <Filter>imguizmo</Filter>
    </ClCompile>
    <ClCompile Include="vendor\ImGuizmo\ImGradient.cpp">
      <Filter>imguizmo</Filter>
    </ClCompile>
    <ClCompile Include="vendor\ImGuizmo\ImGuizmo.cpp">
      <Filter>imguizmo</Filter>
    </ClCompile>
    <ClCompile Include="vendor\ImGuizmo\ImSequencer.cpp">
      <Filter>imguizmo</Filter>
    </ClCompile>
  </ItemGroup>
  <ItemGroup>
    <ClInclude Include="vendor\imgui\imconfig.h">
      <Filter>imgui</Filter>
    </ClInclude>
    <ClInclude Include="vendor\imgui\imgui.h">
      <Filter>imgui</Filter>
    </ClInclude>
    <ClInclude Include="vendor\imgui\imgui_internal.h">
      <Filter>imgui</Filter>
    </ClInclude>
    <ClInclude Include="vendor\imgui\imstb_rectpack.h">
      <Filter>imgui</Filter>
    </ClInclude>
    <ClInclude Include="vendor\imgui\imstb_textedit.h">
      <Filter>imgui</Filter>
    </ClInclude>
    <ClInclude Include="vendor\imgui\imstb_truetype.h">
      <Filter>imgui</Filter>
    </ClInclude>
    <ClInclude Include="vendor\imgui\backends\imgui_impl_glfw.h">
      <Filter>imgui</Filter>
    </ClInclude>
    <ClInclude Include="vendor\imgui\backends\imgui_impl_vulkan.h">
      <Filter>imgui</Filter>
    </ClInclude>
    <ClInclude Include="vendor\imgui\widgets\TextEditor.h">
      <Filter>imgui</Filter>
    </ClInclude>
    <ClInclude Include="BaseWidget.h">
      <Filter>Файлы заголовков\Widgets</Filter>
    </ClInclude>
    <ClInclude Include="ContentBrowser.h">
      <Filter>Файлы заголовков\Widgets</Filter>
    </ClInclude>
    <ClInclude Include="LuaConsole.h">
      <Filter>Файлы заголовков\Widgets</Filter>
    </ClInclude>
    <ClInclude Include="SceneHierarchy.h">
      <Filter>Файлы заголовков\Widgets</Filter>
    </ClInclude>
    <ClInclude Include="MainLayout.h">
      <Filter>Файлы заголовков\Layouts</Filter>
    </ClInclude>
    <ClInclude Include="EditorWindow.h">
      <Filter>Файлы заголовков\Windows</Filter>
    </ClInclude>
    <ClInclude Include="MainWindow.h">
      <Filter>Файлы заголовков\Windows</Filter>
    </ClInclude>
    <ClInclude Include="EditorLayout.h">
      <Filter>Файлы заголовков\Layouts</Filter>
    </ClInclude>
    <ClInclude Include="FontUtils.h">
      <Filter>Файлы заголовков\Utils</Filter>
    </ClInclude>
    <ClInclude Include="ImGUIBasedPresentationEngine.h">
      <Filter>Файлы заголовков\Utils</Filter>
    </ClInclude>
    <ClInclude Include="MenuRender.h">
      <Filter>Файлы заголовков\Utils</Filter>
    </ClInclude>
    <ClInclude Include="GameWidget.h">
      <Filter>Файлы заголовков\Widgets</Filter>
    </ClInclude>
    <ClInclude Include="Inspector.h">
      <Filter>Файлы заголовков\Widgets</Filter>
    </ClInclude>
    <ClInclude Include="TagComponentInspector.h">
      <Filter>Файлы заголовков\Widgets\Inspector</Filter>
    </ClInclude>
    <ClInclude Include="BaseComponentInspector.h">
      <Filter>Файлы заголовков\Widgets\Inspector</Filter>
    </ClInclude>
    <ClInclude Include="Constants.h">
      <Filter>Файлы заголовков\Utils</Filter>
    </ClInclude>
    <ClInclude Include="TransformComponentInspector.h">
      <Filter>Файлы заголовков\Widgets\Inspector</Filter>
    </ClInclude>
    <ClInclude Include="vendor\imgui\widgets\GroupPanel.h">
      <Filter>imgui</Filter>
    </ClInclude>
    <ClInclude Include="vendor\imgui\widgets\ColoredDragFloat.h">
      <Filter>imgui</Filter>
    </ClInclude>
    <ClInclude Include="EditorViewport.h">
      <Filter>Файлы заголовков\Widgets</Filter>
    </ClInclude>
    <ClInclude Include="SceneInteraction.h">
      <Filter>Файлы заголовков\Utils\Interaction</Filter>
    </ClInclude>
    <ClInclude Include="ViewportSnapInteraction.h">
      <Filter>Файлы заголовков\Utils\Interaction</Filter>
    </ClInclude>
    <ClInclude Include="vendor\ImGuiFileDialog\ImGuiFileDialog.h">
      <Filter>imgui</Filter>
    </ClInclude>
    <ClInclude Include="vendor\ImGuiFileDialog\ImGuiFileDialogConfig.h">
      <Filter>imgui</Filter>
    </ClInclude>
    <ClInclude Include="vendor\ImGuiFileDialog\dirent\dirent.h">
      <Filter>imgui</Filter>
    </ClInclude>
    <ClInclude Include="vendor\ImGuizmo\GraphEditor.h">
      <Filter>imguizmo</Filter>
    </ClInclude>
    <ClInclude Include="vendor\ImGuizmo\ImCurveEdit.h">
      <Filter>imguizmo</Filter>
    </ClInclude>
    <ClInclude Include="vendor\ImGuizmo\ImGradient.h">
      <Filter>imguizmo</Filter>
    </ClInclude>
    <ClInclude Include="vendor\ImGuizmo\ImGuizmo.h">
      <Filter>imguizmo</Filter>
    </ClInclude>
    <ClInclude Include="vendor\ImGuizmo\ImSequencer.h">
      <Filter>imguizmo</Filter>
    </ClInclude>
    <ClInclude Include="vendor\ImGuizmo\ImZoomSlider.h">
      <Filter>imguizmo</Filter>
    </ClInclude>
  </ItemGroup>
</Project>